// !$*UTF8*$!
{
	archiveVersion = 1;
	classes = {
	};
	objectVersion = 55;
	objects = {

/* Begin PBXBuildFile section */
		DCABBC762802F8610096B87E /* SpaceXRocketsApp.swift in Sources */ = {isa = PBXBuildFile; fileRef = DCABBC752802F8610096B87E /* SpaceXRocketsApp.swift */; };
		DCABBC782802F8610096B87E /* ContentView.swift in Sources */ = {isa = PBXBuildFile; fileRef = DCABBC772802F8610096B87E /* ContentView.swift */; };
		DCABBC7A2802F8610096B87E /* Assets.xcassets in Resources */ = {isa = PBXBuildFile; fileRef = DCABBC792802F8610096B87E /* Assets.xcassets */; };
		DCABBC7D2802F8610096B87E /* Preview Assets.xcassets in Resources */ = {isa = PBXBuildFile; fileRef = DCABBC7C2802F8610096B87E /* Preview Assets.xcassets */; };
		DCABBC842802FF5F0096B87E /* Color-Theme.swift in Sources */ = {isa = PBXBuildFile; fileRef = DCABBC832802FF5F0096B87E /* Color-Theme.swift */; };
		DCABBC862803047A0096B87E /* RoundedCornerShape.swift in Sources */ = {isa = PBXBuildFile; fileRef = DCABBC852803047A0096B87E /* RoundedCornerShape.swift */; };
		DCABBC88280325B80096B87E /* Measures.swift in Sources */ = {isa = PBXBuildFile; fileRef = DCABBC87280325B80096B87E /* Measures.swift */; };
		DCABBC8A2803264D0096B87E /* Stages.swift in Sources */ = {isa = PBXBuildFile; fileRef = DCABBC892803264D0096B87E /* Stages.swift */; };
		DCABBC8C280360FA0096B87E /* Engines.swift in Sources */ = {isa = PBXBuildFile; fileRef = DCABBC8B280360FA0096B87E /* Engines.swift */; };
		DCABBC8E280361D20096B87E /* OtherInfo.swift in Sources */ = {isa = PBXBuildFile; fileRef = DCABBC8D280361D20096B87E /* OtherInfo.swift */; };
		DCABBC90280363070096B87E /* Rocket.swift in Sources */ = {isa = PBXBuildFile; fileRef = DCABBC8F280363070096B87E /* Rocket.swift */; };
/* End PBXBuildFile section */

/* Begin PBXFileReference section */
		DCABBC722802F8610096B87E /* SpaceXRockets.app */ = {isa = PBXFileReference; explicitFileType = wrapper.application; includeInIndex = 0; path = SpaceXRockets.app; sourceTree = BUILT_PRODUCTS_DIR; };
		DCABBC752802F8610096B87E /* SpaceXRocketsApp.swift */ = {isa = PBXFileReference; lastKnownFileType = sourcecode.swift; path = SpaceXRocketsApp.swift; sourceTree = "<group>"; };
		DCABBC772802F8610096B87E /* ContentView.swift */ = {isa = PBXFileReference; lastKnownFileType = sourcecode.swift; path = ContentView.swift; sourceTree = "<group>"; };
		DCABBC792802F8610096B87E /* Assets.xcassets */ = {isa = PBXFileReference; lastKnownFileType = folder.assetcatalog; path = Assets.xcassets; sourceTree = "<group>"; };
		DCABBC7C2802F8610096B87E /* Preview Assets.xcassets */ = {isa = PBXFileReference; lastKnownFileType = folder.assetcatalog; path = "Preview Assets.xcassets"; sourceTree = "<group>"; };
		DCABBC832802FF5F0096B87E /* Color-Theme.swift */ = {isa = PBXFileReference; lastKnownFileType = sourcecode.swift; path = "Color-Theme.swift"; sourceTree = "<group>"; };
		DCABBC852803047A0096B87E /* RoundedCornerShape.swift */ = {isa = PBXFileReference; lastKnownFileType = sourcecode.swift; path = RoundedCornerShape.swift; sourceTree = "<group>"; };
		DCABBC87280325B80096B87E /* Measures.swift */ = {isa = PBXFileReference; lastKnownFileType = sourcecode.swift; path = Measures.swift; sourceTree = "<group>"; };
		DCABBC892803264D0096B87E /* Stages.swift */ = {isa = PBXFileReference; lastKnownFileType = sourcecode.swift; path = Stages.swift; sourceTree = "<group>"; };
		DCABBC8B280360FA0096B87E /* Engines.swift */ = {isa = PBXFileReference; lastKnownFileType = sourcecode.swift; path = Engines.swift; sourceTree = "<group>"; };
		DCABBC8D280361D20096B87E /* OtherInfo.swift */ = {isa = PBXFileReference; lastKnownFileType = sourcecode.swift; path = OtherInfo.swift; sourceTree = "<group>"; };
		DCABBC8F280363070096B87E /* Rocket.swift */ = {isa = PBXFileReference; lastKnownFileType = sourcecode.swift; path = Rocket.swift; sourceTree = "<group>"; };
/* End PBXFileReference section */

/* Begin PBXFrameworksBuildPhase section */
		DCABBC6F2802F8600096B87E /* Frameworks */ = {
			isa = PBXFrameworksBuildPhase;
			buildActionMask = 2147483647;
			files = (
			);
			runOnlyForDeploymentPostprocessing = 0;
		};
/* End PBXFrameworksBuildPhase section */

/* Begin PBXGroup section */
		DCABBC692802F8600096B87E = {
			isa = PBXGroup;
			children = (
				DCABBC742802F8610096B87E /* SpaceXRockets */,
				DCABBC732802F8610096B87E /* Products */,
			);
			sourceTree = "<group>";
		};
		DCABBC732802F8610096B87E /* Products */ = {
			isa = PBXGroup;
			children = (
				DCABBC722802F8610096B87E /* SpaceXRockets.app */,
			);
			name = Products;
			sourceTree = "<group>";
		};
		DCABBC742802F8610096B87E /* SpaceXRockets */ = {
			isa = PBXGroup;
			children = (
				DCABBC752802F8610096B87E /* SpaceXRocketsApp.swift */,
				DCABBC772802F8610096B87E /* ContentView.swift */,
				DCABBC87280325B80096B87E /* Measures.swift */,
				DCABBC8B280360FA0096B87E /* Engines.swift */,
				DCABBC8D280361D20096B87E /* OtherInfo.swift */,
				DCABBC8F280363070096B87E /* Rocket.swift */,
				DCABBC892803264D0096B87E /* Stages.swift */,
				DCABBC852803047A0096B87E /* RoundedCornerShape.swift */,
				DCABBC832802FF5F0096B87E /* Color-Theme.swift */,
				DCABBC792802F8610096B87E /* Assets.xcassets */,
				DCABBC7B2802F8610096B87E /* Preview Content */,
			);
			path = SpaceXRockets;
			sourceTree = "<group>";
		};
		DCABBC7B2802F8610096B87E /* Preview Content */ = {
			isa = PBXGroup;
			children = (
				DCABBC7C2802F8610096B87E /* Preview Assets.xcassets */,
			);
			path = "Preview Content";
			sourceTree = "<group>";
		};
/* End PBXGroup section */

/* Begin PBXNativeTarget section */
		DCABBC712802F8600096B87E /* SpaceXRockets */ = {
			isa = PBXNativeTarget;
			buildConfigurationList = DCABBC802802F8610096B87E /* Build configuration list for PBXNativeTarget "SpaceXRockets" */;
			buildPhases = (
				DCABBC6E2802F8600096B87E /* Sources */,
				DCABBC6F2802F8600096B87E /* Frameworks */,
				DCABBC702802F8600096B87E /* Resources */,
			);
			buildRules = (
			);
			dependencies = (
			);
			name = SpaceXRockets;
			productName = SpaceXRockets;
			productReference = DCABBC722802F8610096B87E /* SpaceXRockets.app */;
			productType = "com.apple.product-type.application";
		};
/* End PBXNativeTarget section */

/* Begin PBXProject section */
		DCABBC6A2802F8600096B87E /* Project object */ = {
			isa = PBXProject;
			attributes = {
				BuildIndependentTargetsInParallel = 1;
				LastSwiftUpdateCheck = 1330;
				LastUpgradeCheck = 1330;
				TargetAttributes = {
					DCABBC712802F8600096B87E = {
						CreatedOnToolsVersion = 13.3;
					};
				};
			};
			buildConfigurationList = DCABBC6D2802F8600096B87E /* Build configuration list for PBXProject "SpaceXRockets" */;
			compatibilityVersion = "Xcode 13.0";
			developmentRegion = en;
			hasScannedForEncodings = 0;
			knownRegions = (
				en,
				Base,
			);
			mainGroup = DCABBC692802F8600096B87E;
			productRefGroup = DCABBC732802F8610096B87E /* Products */;
			projectDirPath = "";
			projectRoot = "";
			targets = (
				DCABBC712802F8600096B87E /* SpaceXRockets */,
			);
		};
/* End PBXProject section */

/* Begin PBXResourcesBuildPhase section */
		DCABBC702802F8600096B87E /* Resources */ = {
			isa = PBXResourcesBuildPhase;
			buildActionMask = 2147483647;
			files = (
				DCABBC7D2802F8610096B87E /* Preview Assets.xcassets in Resources */,
				DCABBC7A2802F8610096B87E /* Assets.xcassets in Resources */,
			);
			runOnlyForDeploymentPostprocessing = 0;
		};
/* End PBXResourcesBuildPhase section */

/* Begin PBXSourcesBuildPhase section */
		DCABBC6E2802F8600096B87E /* Sources */ = {
			isa = PBXSourcesBuildPhase;
			buildActionMask = 2147483647;
			files = (
				DCABBC90280363070096B87E /* Rocket.swift in Sources */,
				DCABBC8E280361D20096B87E /* OtherInfo.swift in Sources */,
				DCABBC782802F8610096B87E /* ContentView.swift in Sources */,
				DCABBC842802FF5F0096B87E /* Color-Theme.swift in Sources */,
				DCABBC88280325B80096B87E /* Measures.swift in Sources */,
				DCABBC862803047A0096B87E /* RoundedCornerShape.swift in Sources */,
				DCABBC8A2803264D0096B87E /* Stages.swift in Sources */,
				DCABBC762802F8610096B87E /* SpaceXRocketsApp.swift in Sources */,
				DCABBC8C280360FA0096B87E /* Engines.swift in Sources */,
			);
			runOnlyForDeploymentPostprocessing = 0;
		};
/* End PBXSourcesBuildPhase section */

/* Begin XCBuildConfiguration section */
		DCABBC7E2802F8610096B87E /* Debug */ = {
			isa = XCBuildConfiguration;
			buildSettings = {
				ALWAYS_SEARCH_USER_PATHS = NO;
				CLANG_ANALYZER_NONNULL = YES;
				CLANG_ANALYZER_NUMBER_OBJECT_CONVERSION = YES_AGGRESSIVE;
				CLANG_CXX_LANGUAGE_STANDARD = "gnu++17";
				CLANG_ENABLE_MODULES = YES;
				CLANG_ENABLE_OBJC_ARC = YES;
				CLANG_ENABLE_OBJC_WEAK = YES;
				CLANG_WARN_BLOCK_CAPTURE_AUTORELEASING = YES;
				CLANG_WARN_BOOL_CONVERSION = YES;
				CLANG_WARN_COMMA = YES;
				CLANG_WARN_CONSTANT_CONVERSION = YES;
				CLANG_WARN_DEPRECATED_OBJC_IMPLEMENTATIONS = YES;
				CLANG_WARN_DIRECT_OBJC_ISA_USAGE = YES_ERROR;
				CLANG_WARN_DOCUMENTATION_COMMENTS = YES;
				CLANG_WARN_EMPTY_BODY = YES;
				CLANG_WARN_ENUM_CONVERSION = YES;
				CLANG_WARN_INFINITE_RECURSION = YES;
				CLANG_WARN_INT_CONVERSION = YES;
				CLANG_WARN_NON_LITERAL_NULL_CONVERSION = YES;
				CLANG_WARN_OBJC_IMPLICIT_RETAIN_SELF = YES;
				CLANG_WARN_OBJC_LITERAL_CONVERSION = YES;
				CLANG_WARN_OBJC_ROOT_CLASS = YES_ERROR;
				CLANG_WARN_QUOTED_INCLUDE_IN_FRAMEWORK_HEADER = YES;
				CLANG_WARN_RANGE_LOOP_ANALYSIS = YES;
				CLANG_WARN_STRICT_PROTOTYPES = YES;
				CLANG_WARN_SUSPICIOUS_MOVE = YES;
				CLANG_WARN_UNGUARDED_AVAILABILITY = YES_AGGRESSIVE;
				CLANG_WARN_UNREACHABLE_CODE = YES;
				CLANG_WARN__DUPLICATE_METHOD_MATCH = YES;
				COPY_PHASE_STRIP = NO;
				DEBUG_INFORMATION_FORMAT = dwarf;
				ENABLE_STRICT_OBJC_MSGSEND = YES;
				ENABLE_TESTABILITY = YES;
				GCC_C_LANGUAGE_STANDARD = gnu11;
				GCC_DYNAMIC_NO_PIC = NO;
				GCC_NO_COMMON_BLOCKS = YES;
				GCC_OPTIMIZATION_LEVEL = 0;
				GCC_PREPROCESSOR_DEFINITIONS = (
					"DEBUG=1",
					"$(inherited)",
				);
				GCC_WARN_64_TO_32_BIT_CONVERSION = YES;
				GCC_WARN_ABOUT_RETURN_TYPE = YES_ERROR;
				GCC_WARN_UNDECLARED_SELECTOR = YES;
				GCC_WARN_UNINITIALIZED_AUTOS = YES_AGGRESSIVE;
				GCC_WARN_UNUSED_FUNCTION = YES;
				GCC_WARN_UNUSED_VARIABLE = YES;
				IPHONEOS_DEPLOYMENT_TARGET = 15.4;
				MTL_ENABLE_DEBUG_INFO = INCLUDE_SOURCE;
				MTL_FAST_MATH = YES;
				ONLY_ACTIVE_ARCH = YES;
				SDKROOT = iphoneos;
				SWIFT_ACTIVE_COMPILATION_CONDITIONS = DEBUG;
				SWIFT_OPTIMIZATION_LEVEL = "-Onone";
			};
			name = Debug;
		};
		DCABBC7F2802F8610096B87E /* Release */ = {
			isa = XCBuildConfiguration;
			buildSettings = {
				ALWAYS_SEARCH_USER_PATHS = NO;
				CLANG_ANALYZER_NONNULL = YES;
				CLANG_ANALYZER_NUMBER_OBJECT_CONVERSION = YES_AGGRESSIVE;
				CLANG_CXX_LANGUAGE_STANDARD = "gnu++17";
				CLANG_ENABLE_MODULES = YES;
				CLANG_ENABLE_OBJC_ARC = YES;
				CLANG_ENABLE_OBJC_WEAK = YES;
				CLANG_WARN_BLOCK_CAPTURE_AUTORELEASING = YES;
				CLANG_WARN_BOOL_CONVERSION = YES;
				CLANG_WARN_COMMA = YES;
				CLANG_WARN_CONSTANT_CONVERSION = YES;
				CLANG_WARN_DEPRECATED_OBJC_IMPLEMENTATIONS = YES;
				CLANG_WARN_DIRECT_OBJC_ISA_USAGE = YES_ERROR;
				CLANG_WARN_DOCUMENTATION_COMMENTS = YES;
				CLANG_WARN_EMPTY_BODY = YES;
				CLANG_WARN_ENUM_CONVERSION = YES;
				CLANG_WARN_INFINITE_RECURSION = YES;
				CLANG_WARN_INT_CONVERSION = YES;
				CLANG_WARN_NON_LITERAL_NULL_CONVERSION = YES;
				CLANG_WARN_OBJC_IMPLICIT_RETAIN_SELF = YES;
				CLANG_WARN_OBJC_LITERAL_CONVERSION = YES;
				CLANG_WARN_OBJC_ROOT_CLASS = YES_ERROR;
				CLANG_WARN_QUOTED_INCLUDE_IN_FRAMEWORK_HEADER = YES;
				CLANG_WARN_RANGE_LOOP_ANALYSIS = YES;
				CLANG_WARN_STRICT_PROTOTYPES = YES;
				CLANG_WARN_SUSPICIOUS_MOVE = YES;
				CLANG_WARN_UNGUARDED_AVAILABILITY = YES_AGGRESSIVE;
				CLANG_WARN_UNREACHABLE_CODE = YES;
				CLANG_WARN__DUPLICATE_METHOD_MATCH = YES;
				COPY_PHASE_STRIP = NO;
				DEBUG_INFORMATION_FORMAT = "dwarf-with-dsym";
				ENABLE_NS_ASSERTIONS = NO;
				ENABLE_STRICT_OBJC_MSGSEND = YES;
				GCC_C_LANGUAGE_STANDARD = gnu11;
				GCC_NO_COMMON_BLOCKS = YES;
				GCC_WARN_64_TO_32_BIT_CONVERSION = YES;
				GCC_WARN_ABOUT_RETURN_TYPE = YES_ERROR;
				GCC_WARN_UNDECLARED_SELECTOR = YES;
				GCC_WARN_UNINITIALIZED_AUTOS = YES_AGGRESSIVE;
				GCC_WARN_UNUSED_FUNCTION = YES;
				GCC_WARN_UNUSED_VARIABLE = YES;
				IPHONEOS_DEPLOYMENT_TARGET = 15.4;
				MTL_ENABLE_DEBUG_INFO = NO;
				MTL_FAST_MATH = YES;
				SDKROOT = iphoneos;
				SWIFT_COMPILATION_MODE = wholemodule;
				SWIFT_OPTIMIZATION_LEVEL = "-O";
				VALIDATE_PRODUCT = YES;
			};
			name = Release;
		};
		DCABBC812802F8610096B87E /* Debug */ = {
			isa = XCBuildConfiguration;
			buildSettings = {
				ASSETCATALOG_COMPILER_APPICON_NAME = AppIcon;
				ASSETCATALOG_COMPILER_GLOBAL_ACCENT_COLOR_NAME = AccentColor;
				CODE_SIGN_STYLE = Automatic;
				CURRENT_PROJECT_VERSION = 1;
				DEVELOPMENT_ASSET_PATHS = "\"SpaceXRockets/Preview Content\"";
				DEVELOPMENT_TEAM = H2WTHY4GCS;
				ENABLE_PREVIEWS = YES;
				GENERATE_INFOPLIST_FILE = YES;
				INFOPLIST_KEY_UIApplicationSceneManifest_Generation = YES;
				INFOPLIST_KEY_UIApplicationSupportsIndirectInputEvents = YES;
				INFOPLIST_KEY_UILaunchScreen_Generation = YES;
				INFOPLIST_KEY_UISupportedInterfaceOrientations_iPad = "UIInterfaceOrientationPortrait UIInterfaceOrientationPortraitUpsideDown UIInterfaceOrientationLandscapeLeft UIInterfaceOrientationLandscapeRight";
				INFOPLIST_KEY_UISupportedInterfaceOrientations_iPhone = "UIInterfaceOrientationPortrait UIInterfaceOrientationLandscapeLeft UIInterfaceOrientationLandscapeRight";
				LD_RUNPATH_SEARCH_PATHS = (
					"$(inherited)",
					"@executable_path/Frameworks",
				);
				MARKETING_VERSION = 1.0;
				PRODUCT_BUNDLE_IDENTIFIER = arseniyms.SpaceXRockets;
				PRODUCT_NAME = "$(TARGET_NAME)";
				SWIFT_EMIT_LOC_STRINGS = YES;
				SWIFT_VERSION = 5.0;
				TARGETED_DEVICE_FAMILY = "1,2";
			};
			name = Debug;
		};
		DCABBC822802F8610096B87E /* Release */ = {
			isa = XCBuildConfiguration;
			buildSettings = {
				ASSETCATALOG_COMPILER_APPICON_NAME = AppIcon;
				ASSETCATALOG_COMPILER_GLOBAL_ACCENT_COLOR_NAME = AccentColor;
				CODE_SIGN_STYLE = Automatic;
				CURRENT_PROJECT_VERSION = 1;
				DEVELOPMENT_ASSET_PATHS = "\"SpaceXRockets/Preview Content\"";
				DEVELOPMENT_TEAM = H2WTHY4GCS;
				ENABLE_PREVIEWS = YES;
				GENERATE_INFOPLIST_FILE = YES;
				INFOPLIST_KEY_UIApplicationSceneManifest_Generation = YES;
				INFOPLIST_KEY_UIApplicationSupportsIndirectInputEvents = YES;
				INFOPLIST_KEY_UILaunchScreen_Generation = YES;
				INFOPLIST_KEY_UISupportedInterfaceOrientations_iPad = "UIInterfaceOrientationPortrait UIInterfaceOrientationPortraitUpsideDown UIInterfaceOrientationLandscapeLeft UIInterfaceOrientationLandscapeRight";
				INFOPLIST_KEY_UISupportedInterfaceOrientations_iPhone = "UIInterfaceOrientationPortrait UIInterfaceOrientationLandscapeLeft UIInterfaceOrientationLandscapeRight";
				LD_RUNPATH_SEARCH_PATHS = (
					"$(inherited)",
					"@executable_path/Frameworks",
				);
				MARKETING_VERSION = 1.0;
				PRODUCT_BUNDLE_IDENTIFIER = arseniyms.SpaceXRockets;
				PRODUCT_NAME = "$(TARGET_NAME)";
				SWIFT_EMIT_LOC_STRINGS = YES;
				SWIFT_VERSION = 5.0;
				TARGETED_DEVICE_FAMILY = "1,2";
			};
			name = Release;
		};
/* End XCBuildConfiguration section */

/* Begin XCConfigurationList section */
		DCABBC6D2802F8600096B87E /* Build configuration list for PBXProject "SpaceXRockets" */ = {
			isa = XCConfigurationList;
			buildConfigurations = (
				DCABBC7E2802F8610096B87E /* Debug */,
				DCABBC7F2802F8610096B87E /* Release */,
			);
			defaultConfigurationIsVisible = 0;
			defaultConfigurationName = Release;
		};
		DCABBC802802F8610096B87E /* Build configuration list for PBXNativeTarget "SpaceXRockets" */ = {
			isa = XCConfigurationList;
			buildConfigurations = (
				DCABBC812802F8610096B87E /* Debug */,
				DCABBC822802F8610096B87E /* Release */,
			);
			defaultConfigurationIsVisible = 0;
			defaultConfigurationName = Release;
		};
/* End XCConfigurationList section */
	};
	rootObject = DCABBC6A2802F8600096B87E /* Project object */;
}
